
Microsoft Visual Studio Solution File, Format Version 12.00
# Visual Studio Version 18
VisualStudioVersion = 18.0.11222.15 d18.0
MinimumVisualStudioVersion = 10.0.40219.1
Project("{FAE04EC0-301F-11D3-BF4B-00C04F79EFBC}") = "HdrManager", "src\HdrManager\HdrManager.csproj", "{B4133552-1D22-144B-2438-7D7A01A54298}"
EndProject
Global
	GlobalSection(SolutionConfigurationPlatforms) = preSolution
		Debug|Any CPU = Debug|Any CPU
		Release|Any CPU = Release|Any CPU
	EndGlobalSection
	GlobalSection(ProjectConfigurationPlatforms) = postSolution
		{B4133552-1D22-144B-2438-7D7A01A54298}.Debug|Any CPU.ActiveCfg = Debug|Any CPU
		{B4133552-1D22-144B-2438-7D7A01A54298}.Debug|Any CPU.Build.0 = Debug|Any CPU
		{B4133552-1D22-144B-2438-7D7A01A54298}.Release|Any CPU.ActiveCfg = Release|Any CPU
		{B4133552-1D22-144B-2438-7D7A01A54298}.Release|Any CPU.Build.0 = Release|Any CPU
	EndGlobalSection
	GlobalSection(SolutionProperties) = preSolution
		HideSolutionNode = FALSE
	EndGlobalSection
	GlobalSection(ExtensibilityGlobals) = postSolution
		SolutionGuid = {620DAE38-0360-4A4F-A05E-7FE07CD0E592}
	EndGlobalSection
EndGlobal
